
Microsoft Visual Studio Solution File, Format Version 12.00
# Visual Studio 15
VisualStudioVersion = 15.0.27428.2043
MinimumVisualStudioVersion = 10.0.40219.1
Project("{FAE04EC0-301F-11D3-BF4B-00C04F79EFBC}") = "TRKS.D2.QQBot", "TRKS.D2.QQBot\TRKS.D2.QQBot.csproj", "{F4315D96-AE65-4D53-856D-CBDAD55566F5}"
EndProject
Global
	GlobalSection(SolutionConfigurationPlatforms) = preSolution
		Debug|Any CPU = Debug|Any CPU
		Release|Any CPU = Release|Any CPU
	EndGlobalSection
	GlobalSection(ProjectConfigurationPlatforms) = postSolution
		{F4315D96-AE65-4D53-856D-CBDAD55566F5}.Debug|Any CPU.ActiveCfg = Debug|Any CPU
		{F4315D96-AE65-4D53-856D-CBDAD55566F5}.Debug|Any CPU.Build.0 = Debug|Any CPU
		{F4315D96-AE65-4D53-856D-CBDAD55566F5}.Release|Any CPU.ActiveCfg = Release|Any CPU
		{F4315D96-AE65-4D53-856D-CBDAD55566F5}.Release|Any CPU.Build.0 = Release|Any CPU
	EndGlobalSection
	GlobalSection(SolutionProperties) = preSolution
		HideSolutionNode = FALSE
	EndGlobalSection
	GlobalSection(ExtensibilityGlobals) = postSolution
		SolutionGuid = {D0FDB630-75BB-4901-A3C3-6EC2F52FF74F}
	EndGlobalSection
EndGlobal
